// !$*UTF8*$!
{
	archiveVersion = 1;
	classes = {
	};
	objectVersion = 51;
	objects = {

/* Begin PBXBuildFile section */
		3D71D9EA2378456C00E06493 /* MapView.storyboard in Resources */ = {isa = PBXBuildFile; fileRef = 3D71D9E92378456C00E06493 /* MapView.storyboard */; };
		3D71D9ED237845A300E06493 /* GoogleMapView.storyboard in Resources */ = {isa = PBXBuildFile; fileRef = 3D71D9EC237845A300E06493 /* GoogleMapView.storyboard */; };
		3D71D9EF2378461A00E06493 /* MapViewController.m in Sources */ = {isa = PBXBuildFile; fileRef = 3D71D9EE2378461A00E06493 /* MapViewController.m */; };
		3D71D9F3237847D300E06493 /* GoogleMapViewController.m in Sources */ = {isa = PBXBuildFile; fileRef = 3D71D9F2237847D300E06493 /* GoogleMapViewController.m */; };
		3D7A2DB523780563000043E1 /* AppDelegate.m in Sources */ = {isa = PBXBuildFile; fileRef = 3D7A2DB423780563000043E1 /* AppDelegate.m */; };
		3D7A2DB823780563000043E1 /* ViewController.m in Sources */ = {isa = PBXBuildFile; fileRef = 3D7A2DB723780563000043E1 /* ViewController.m */; };
		3D7A2DBB23780563000043E1 /* Main.storyboard in Resources */ = {isa = PBXBuildFile; fileRef = 3D7A2DB923780563000043E1 /* Main.storyboard */; };
		3D7A2DBD23780566000043E1 /* Assets.xcassets in Resources */ = {isa = PBXBuildFile; fileRef = 3D7A2DBC23780566000043E1 /* Assets.xcassets */; };
		3D7A2DC023780566000043E1 /* LaunchScreen.storyboard in Resources */ = {isa = PBXBuildFile; fileRef = 3D7A2DBE23780566000043E1 /* LaunchScreen.storyboard */; };
		3D7A2DC323780566000043E1 /* main.m in Sources */ = {isa = PBXBuildFile; fileRef = 3D7A2DC223780566000043E1 /* main.m */; };
		3D7A2DCB23780580000043E1 /* CoreLocation.framework in Frameworks */ = {isa = PBXBuildFile; fileRef = 3D7A2DCA23780580000043E1 /* CoreLocation.framework */; };
		3D7A2DCD23781294000043E1 /* MapKit.framework in Frameworks */ = {isa = PBXBuildFile; fileRef = 3D7A2DCC23781294000043E1 /* MapKit.framework */; };
		FB457C3D24B13DB1BA4A9B3E /* Pods_LocationsAndMaps.framework in Frameworks */ = {isa = PBXBuildFile; fileRef = 03242F599402EB8927B4A6C3 /* Pods_LocationsAndMaps.framework */; };
/* End PBXBuildFile section */

/* Begin PBXFileReference section */
		03242F599402EB8927B4A6C3 /* Pods_LocationsAndMaps.framework */ = {isa = PBXFileReference; explicitFileType = wrapper.framework; includeInIndex = 0; path = Pods_LocationsAndMaps.framework; sourceTree = BUILT_PRODUCTS_DIR; };
		3D71D9E92378456C00E06493 /* MapView.storyboard */ = {isa = PBXFileReference; lastKnownFileType = file.storyboard; path = MapView.storyboard; sourceTree = "<group>"; };
		3D71D9EC237845A300E06493 /* GoogleMapView.storyboard */ = {isa = PBXFileReference; lastKnownFileType = file.storyboard; path = GoogleMapView.storyboard; sourceTree = "<group>"; };
		3D71D9EE2378461A00E06493 /* MapViewController.m */ = {isa = PBXFileReference; lastKnownFileType = sourcecode.c.objc; path = MapViewController.m; sourceTree = "<group>"; };
		3D71D9F02378463600E06493 /* MapViewController.h */ = {isa = PBXFileReference; lastKnownFileType = sourcecode.c.h; path = MapViewController.h; sourceTree = "<group>"; };
		3D71D9F12378478000E06493 /* GoogleMapViewController.h */ = {isa = PBXFileReference; lastKnownFileType = sourcecode.c.h; path = GoogleMapViewController.h; sourceTree = "<group>"; };
		3D71D9F2237847D300E06493 /* GoogleMapViewController.m */ = {isa = PBXFileReference; lastKnownFileType = sourcecode.c.objc; path = GoogleMapViewController.m; sourceTree = "<group>"; };
		3D7A2DB023780563000043E1 /* LocationsAndMaps.app */ = {isa = PBXFileReference; explicitFileType = wrapper.application; includeInIndex = 0; path = LocationsAndMaps.app; sourceTree = BUILT_PRODUCTS_DIR; };
		3D7A2DB323780563000043E1 /* AppDelegate.h */ = {isa = PBXFileReference; lastKnownFileType = sourcecode.c.h; path = AppDelegate.h; sourceTree = "<group>"; };
		3D7A2DB423780563000043E1 /* AppDelegate.m */ = {isa = PBXFileReference; lastKnownFileType = sourcecode.c.objc; path = AppDelegate.m; sourceTree = "<group>"; };
		3D7A2DB623780563000043E1 /* ViewController.h */ = {isa = PBXFileReference; lastKnownFileType = sourcecode.c.h; path = ViewController.h; sourceTree = "<group>"; };
		3D7A2DB723780563000043E1 /* ViewController.m */ = {isa = PBXFileReference; lastKnownFileType = sourcecode.c.objc; path = ViewController.m; sourceTree = "<group>"; };
		3D7A2DBA23780563000043E1 /* Base */ = {isa = PBXFileReference; lastKnownFileType = file.storyboard; name = Base; path = Base.lproj/Main.storyboard; sourceTree = "<group>"; };
		3D7A2DBC23780566000043E1 /* Assets.xcassets */ = {isa = PBXFileReference; lastKnownFileType = folder.assetcatalog; path = Assets.xcassets; sourceTree = "<group>"; };
		3D7A2DBF23780566000043E1 /* Base */ = {isa = PBXFileReference; lastKnownFileType = file.storyboard; name = Base; path = Base.lproj/LaunchScreen.storyboard; sourceTree = "<group>"; };
		3D7A2DC123780566000043E1 /* Info.plist */ = {isa = PBXFileReference; lastKnownFileType = text.plist.xml; path = Info.plist; sourceTree = "<group>"; };
		3D7A2DC223780566000043E1 /* main.m */ = {isa = PBXFileReference; lastKnownFileType = sourcecode.c.objc; path = main.m; sourceTree = "<group>"; };
		3D7A2DCA23780580000043E1 /* CoreLocation.framework */ = {isa = PBXFileReference; lastKnownFileType = wrapper.framework; name = CoreLocation.framework; path = System/Library/Frameworks/CoreLocation.framework; sourceTree = SDKROOT; };
		3D7A2DCC23781294000043E1 /* MapKit.framework */ = {isa = PBXFileReference; lastKnownFileType = wrapper.framework; name = MapKit.framework; path = System/Library/Frameworks/MapKit.framework; sourceTree = SDKROOT; };
		5D5C41A07CB17EC668D1044E /* Pods-LocationsAndMaps.release.xcconfig */ = {isa = PBXFileReference; includeInIndex = 1; lastKnownFileType = text.xcconfig; name = "Pods-LocationsAndMaps.release.xcconfig"; path = "Target Support Files/Pods-LocationsAndMaps/Pods-LocationsAndMaps.release.xcconfig"; sourceTree = "<group>"; };
		DA7976AC0D751C1C94AB8CD4 /* Pods-LocationsAndMaps.debug.xcconfig */ = {isa = PBXFileReference; includeInIndex = 1; lastKnownFileType = text.xcconfig; name = "Pods-LocationsAndMaps.debug.xcconfig"; path = "Target Support Files/Pods-LocationsAndMaps/Pods-LocationsAndMaps.debug.xcconfig"; sourceTree = "<group>"; };
/* End PBXFileReference section */

/* Begin PBXFrameworksBuildPhase section */
		3D7A2DAD23780563000043E1 /* Frameworks */ = {
			isa = PBXFrameworksBuildPhase;
			buildActionMask = 2147483647;
			files = (
				3D7A2DCD23781294000043E1 /* MapKit.framework in Frameworks */,
				3D7A2DCB23780580000043E1 /* CoreLocation.framework in Frameworks */,
				FB457C3D24B13DB1BA4A9B3E /* Pods_LocationsAndMaps.framework in Frameworks */,
			);
			runOnlyForDeploymentPostprocessing = 0;
		};
/* End PBXFrameworksBuildPhase section */

/* Begin PBXGroup section */
		3731341AA1D9242E635E5C5F /* Pods */ = {
			isa = PBXGroup;
			children = (
				DA7976AC0D751C1C94AB8CD4 /* Pods-LocationsAndMaps.debug.xcconfig */,
				5D5C41A07CB17EC668D1044E /* Pods-LocationsAndMaps.release.xcconfig */,
			);
			path = Pods;
			sourceTree = "<group>";
		};
		3D71D9E82378454A00E06493 /* Map View */ = {
			isa = PBXGroup;
			children = (
				3D71D9E92378456C00E06493 /* MapView.storyboard */,
				3D71D9EE2378461A00E06493 /* MapViewController.m */,
				3D71D9F02378463600E06493 /* MapViewController.h */,
			);
			path = "Map View";
			sourceTree = "<group>";
		};
		3D71D9EB2378459500E06493 /* Google Map View */ = {
			isa = PBXGroup;
			children = (
				3D71D9EC237845A300E06493 /* GoogleMapView.storyboard */,
				3D71D9F12378478000E06493 /* GoogleMapViewController.h */,
				3D71D9F2237847D300E06493 /* GoogleMapViewController.m */,
			);
			path = "Google Map View";
			sourceTree = "<group>";
		};
		3D71D9F42378518D00E06493 /* Main */ = {
			isa = PBXGroup;
			children = (
				3D7A2DB623780563000043E1 /* ViewController.h */,
				3D7A2DB723780563000043E1 /* ViewController.m */,
				3D7A2DB923780563000043E1 /* Main.storyboard */,
			);
			path = Main;
			sourceTree = "<group>";
		};
		3D71D9F52378519700E06493 /* Source */ = {
			isa = PBXGroup;
			children = (
				3D71D9EB2378459500E06493 /* Google Map View */,
				3D71D9E82378454A00E06493 /* Map View */,
				3D71D9F42378518D00E06493 /* Main */,
			);
			path = Source;
			sourceTree = "<group>";
		};
		3D7A2DA723780563000043E1 = {
			isa = PBXGroup;
			children = (
				3D7A2DB223780563000043E1 /* LocationsAndMaps */,
				3D7A2DB123780563000043E1 /* Products */,
				3D7A2DC923780580000043E1 /* Frameworks */,
				3731341AA1D9242E635E5C5F /* Pods */,
			);
			sourceTree = "<group>";
		};
		3D7A2DB123780563000043E1 /* Products */ = {
			isa = PBXGroup;
			children = (
				3D7A2DB023780563000043E1 /* LocationsAndMaps.app */,
			);
			name = Products;
			sourceTree = "<group>";
		};
		3D7A2DB223780563000043E1 /* LocationsAndMaps */ = {
			isa = PBXGroup;
			children = (
				3D71D9F52378519700E06493 /* Source */,
				3D7A2DB323780563000043E1 /* AppDelegate.h */,
				3D7A2DB423780563000043E1 /* AppDelegate.m */,
				3D7A2DBC23780566000043E1 /* Assets.xcassets */,
				3D7A2DBE23780566000043E1 /* LaunchScreen.storyboard */,
				3D7A2DC123780566000043E1 /* Info.plist */,
				3D7A2DC223780566000043E1 /* main.m */,
			);
			path = LocationsAndMaps;
			sourceTree = "<group>";
		};
		3D7A2DC923780580000043E1 /* Frameworks */ = {
			isa = PBXGroup;
			children = (
				3D7A2DCC23781294000043E1 /* MapKit.framework */,
				3D7A2DCA23780580000043E1 /* CoreLocation.framework */,
				03242F599402EB8927B4A6C3 /* Pods_LocationsAndMaps.framework */,
			);
			name = Frameworks;
			sourceTree = "<group>";
		};
/* End PBXGroup section */

/* Begin PBXNativeTarget section */
		3D7A2DAF23780563000043E1 /* LocationsAndMaps */ = {
			isa = PBXNativeTarget;
			buildConfigurationList = 3D7A2DC623780566000043E1 /* Build configuration list for PBXNativeTarget "LocationsAndMaps" */;
			buildPhases = (
				399052679508B1CF51882ABB /* [CP] Check Pods Manifest.lock */,
				3D7A2DAC23780563000043E1 /* Sources */,
				3D7A2DAD23780563000043E1 /* Frameworks */,
				3D7A2DAE23780563000043E1 /* Resources */,
				7B819541D739D941AFAB0089 /* [CP] Copy Pods Resources */,
			);
			buildRules = (
			);
			dependencies = (
			);
			name = LocationsAndMaps;
			productName = LocationsAndMaps;
			productReference = 3D7A2DB023780563000043E1 /* LocationsAndMaps.app */;
			productType = "com.apple.product-type.application";
		};
/* End PBXNativeTarget section */

/* Begin PBXProject section */
		3D7A2DA823780563000043E1 /* Project object */ = {
			isa = PBXProject;
			attributes = {
				LastUpgradeCheck = 1030;
				TargetAttributes = {
					3D7A2DAF23780563000043E1 = {
						CreatedOnToolsVersion = 10.3;
					};
				};
			};
			buildConfigurationList = 3D7A2DAB23780563000043E1 /* Build configuration list for PBXProject "LocationsAndMaps" */;
			compatibilityVersion = "Xcode 9.3";
			developmentRegion = en;
			hasScannedForEncodings = 0;
			knownRegions = (
				en,
				Base,
			);
			mainGroup = 3D7A2DA723780563000043E1;
			productRefGroup = 3D7A2DB123780563000043E1 /* Products */;
			projectDirPath = "";
			projectRoot = "";
			targets = (
				3D7A2DAF23780563000043E1 /* LocationsAndMaps */,
			);
		};
/* End PBXProject section */

/* Begin PBXResourcesBuildPhase section */
		3D7A2DAE23780563000043E1 /* Resources */ = {
			isa = PBXResourcesBuildPhase;
			buildActionMask = 2147483647;
			files = (
				3D7A2DC023780566000043E1 /* LaunchScreen.storyboard in Resources */,
				3D71D9ED237845A300E06493 /* GoogleMapView.storyboard in Resources */,
				3D7A2DBD23780566000043E1 /* Assets.xcassets in Resources */,
				3D71D9EA2378456C00E06493 /* MapView.storyboard in Resources */,
				3D7A2DBB23780563000043E1 /* Main.storyboard in Resources */,
			);
			runOnlyForDeploymentPostprocessing = 0;
		};
/* End PBXResourcesBuildPhase section */

/* Begin PBXShellScriptBuildPhase section */
		399052679508B1CF51882ABB /* [CP] Check Pods Manifest.lock */ = {
			isa = PBXShellScriptBuildPhase;
			buildActionMask = 2147483647;
			files = (
			);
			inputFileListPaths = (
			);
			inputPaths = (
				"${PODS_PODFILE_DIR_PATH}/Podfile.lock",
				"${PODS_ROOT}/Manifest.lock",
			);
			name = "[CP] Check Pods Manifest.lock";
			outputFileListPaths = (
			);
			outputPaths = (
				"$(DERIVED_FILE_DIR)/Pods-LocationsAndMaps-checkManifestLockResult.txt",
			);
			runOnlyForDeploymentPostprocessing = 0;
			shellPath = /bin/sh;
			shellScript = "diff \"${PODS_PODFILE_DIR_PATH}/Podfile.lock\" \"${PODS_ROOT}/Manifest.lock\" > /dev/null\nif [ $? != 0 ] ; then\n    # print error to STDERR\n    echo \"error: The sandbox is not in sync with the Podfile.lock. Run 'pod install' or update your CocoaPods installation.\" >&2\n    exit 1\nfi\n# This output is used by Xcode 'outputs' to avoid re-running this script phase.\necho \"SUCCESS\" > \"${SCRIPT_OUTPUT_FILE_0}\"\n";
			showEnvVarsInLog = 0;
		};
		7B819541D739D941AFAB0089 /* [CP] Copy Pods Resources */ = {
			isa = PBXShellScriptBuildPhase;
			buildActionMask = 2147483647;
			files = (
			);
			inputFileListPaths = (
				"${PODS_ROOT}/Target Support Files/Pods-LocationsAndMaps/Pods-LocationsAndMaps-resources-${CONFIGURATION}-input-files.xcfilelist",
			);
			name = "[CP] Copy Pods Resources";
			outputFileListPaths = (
				"${PODS_ROOT}/Target Support Files/Pods-LocationsAndMaps/Pods-LocationsAndMaps-resources-${CONFIGURATION}-output-files.xcfilelist",
			);
			runOnlyForDeploymentPostprocessing = 0;
			shellPath = /bin/sh;
			shellScript = "\"${PODS_ROOT}/Target Support Files/Pods-LocationsAndMaps/Pods-LocationsAndMaps-resources.sh\"\n";
			showEnvVarsInLog = 0;
		};
/* End PBXShellScriptBuildPhase section */

/* Begin PBXSourcesBuildPhase section */
		3D7A2DAC23780563000043E1 /* Sources */ = {
			isa = PBXSourcesBuildPhase;
			buildActionMask = 2147483647;
			files = (
				3D7A2DB823780563000043E1 /* ViewController.m in Sources */,
				3D71D9F3237847D300E06493 /* GoogleMapViewController.m in Sources */,
				3D7A2DC323780566000043E1 /* main.m in Sources */,
				3D7A2DB523780563000043E1 /* AppDelegate.m in Sources */,
				3D71D9EF2378461A00E06493 /* MapViewController.m in Sources */,
			);
			runOnlyForDeploymentPostprocessing = 0;
		};
/* End PBXSourcesBuildPhase section */

/* Begin PBXVariantGroup section */
		3D7A2DB923780563000043E1 /* Main.storyboard */ = {
			isa = PBXVariantGroup;
			children = (
				3D7A2DBA23780563000043E1 /* Base */,
			);
			name = Main.storyboard;
			sourceTree = "<group>";
		};
		3D7A2DBE23780566000043E1 /* LaunchScreen.storyboard */ = {
			isa = PBXVariantGroup;
			children = (
				3D7A2DBF23780566000043E1 /* Base */,
			);
			name = LaunchScreen.storyboard;
			sourceTree = "<group>";
		};
/* End PBXVariantGroup section */

/* Begin XCBuildConfiguration section */
		3D7A2DC423780566000043E1 /* Debug */ = {
			isa = XCBuildConfiguration;
			buildSettings = {
				ALWAYS_SEARCH_USER_PATHS = NO;
				CLANG_ANALYZER_NONNULL = YES;
				CLANG_ANALYZER_NUMBER_OBJECT_CONVERSION = YES_AGGRESSIVE;
				CLANG_CXX_LANGUAGE_STANDARD = "gnu++14";
				CLANG_CXX_LIBRARY = "libc++";
				CLANG_ENABLE_MODULES = YES;
				CLANG_ENABLE_OBJC_ARC = YES;
				CLANG_ENABLE_OBJC_WEAK = YES;
				CLANG_WARN_BLOCK_CAPTURE_AUTORELEASING = YES;
				CLANG_WARN_BOOL_CONVERSION = YES;
				CLANG_WARN_COMMA = YES;
				CLANG_WARN_CONSTANT_CONVERSION = YES;
				CLANG_WARN_DEPRECATED_OBJC_IMPLEMENTATIONS = YES;
				CLANG_WARN_DIRECT_OBJC_ISA_USAGE = YES_ERROR;
				CLANG_WARN_DOCUMENTATION_COMMENTS = YES;
				CLANG_WARN_EMPTY_BODY = YES;
				CLANG_WARN_ENUM_CONVERSION = YES;
				CLANG_WARN_INFINITE_RECURSION = YES;
				CLANG_WARN_INT_CONVERSION = YES;
				CLANG_WARN_NON_LITERAL_NULL_CONVERSION = YES;
				CLANG_WARN_OBJC_IMPLICIT_RETAIN_SELF = YES;
				CLANG_WARN_OBJC_LITERAL_CONVERSION = YES;
				CLANG_WARN_OBJC_ROOT_CLASS = YES_ERROR;
				CLANG_WARN_RANGE_LOOP_ANALYSIS = YES;
				CLANG_WARN_STRICT_PROTOTYPES = YES;
				CLANG_WARN_SUSPICIOUS_MOVE = YES;
				CLANG_WARN_UNGUARDED_AVAILABILITY = YES_AGGRESSIVE;
				CLANG_WARN_UNREACHABLE_CODE = YES;
				CLANG_WARN__DUPLICATE_METHOD_MATCH = YES;
				CODE_SIGN_IDENTITY = "iPhone Developer";
				COPY_PHASE_STRIP = NO;
				DEBUG_INFORMATION_FORMAT = dwarf;
				ENABLE_STRICT_OBJC_MSGSEND = YES;
				ENABLE_TESTABILITY = YES;
				GCC_C_LANGUAGE_STANDARD = gnu11;
				GCC_DYNAMIC_NO_PIC = NO;
				GCC_NO_COMMON_BLOCKS = YES;
				GCC_OPTIMIZATION_LEVEL = 0;
				GCC_PREPROCESSOR_DEFINITIONS = (
					"DEBUG=1",
					"$(inherited)",
				);
				GCC_WARN_64_TO_32_BIT_CONVERSION = YES;
				GCC_WARN_ABOUT_RETURN_TYPE = YES_ERROR;
				GCC_WARN_UNDECLARED_SELECTOR = YES;
				GCC_WARN_UNINITIALIZED_AUTOS = YES_AGGRESSIVE;
				GCC_WARN_UNUSED_FUNCTION = YES;
				GCC_WARN_UNUSED_VARIABLE = YES;
				IPHONEOS_DEPLOYMENT_TARGET = 12.4;
				MTL_ENABLE_DEBUG_INFO = INCLUDE_SOURCE;
				MTL_FAST_MATH = YES;
				ONLY_ACTIVE_ARCH = YES;
				SDKROOT = iphoneos;
			};
			name = Debug;
		};
		3D7A2DC523780566000043E1 /* Release */ = {
			isa = XCBuildConfiguration;
			buildSettings = {
				ALWAYS_SEARCH_USER_PATHS = NO;
				CLANG_ANALYZER_NONNULL = YES;
				CLANG_ANALYZER_NUMBER_OBJECT_CONVERSION = YES_AGGRESSIVE;
				CLANG_CXX_LANGUAGE_STANDARD = "gnu++14";
				CLANG_CXX_LIBRARY = "libc++";
				CLANG_ENABLE_MODULES = YES;
				CLANG_ENABLE_OBJC_ARC = YES;
				CLANG_ENABLE_OBJC_WEAK = YES;
				CLANG_WARN_BLOCK_CAPTURE_AUTORELEASING = YES;
				CLANG_WARN_BOOL_CONVERSION = YES;
				CLANG_WARN_COMMA = YES;
				CLANG_WARN_CONSTANT_CONVERSION = YES;
				CLANG_WARN_DEPRECATED_OBJC_IMPLEMENTATIONS = YES;
				CLANG_WARN_DIRECT_OBJC_ISA_USAGE = YES_ERROR;
				CLANG_WARN_DOCUMENTATION_COMMENTS = YES;
				CLANG_WARN_EMPTY_BODY = YES;
				CLANG_WARN_ENUM_CONVERSION = YES;
				CLANG_WARN_INFINITE_RECURSION = YES;
				CLANG_WARN_INT_CONVERSION = YES;
				CLANG_WARN_NON_LITERAL_NULL_CONVERSION = YES;
				CLANG_WARN_OBJC_IMPLICIT_RETAIN_SELF = YES;
				CLANG_WARN_OBJC_LITERAL_CONVERSION = YES;
				CLANG_WARN_OBJC_ROOT_CLASS = YES_ERROR;
				CLANG_WARN_RANGE_LOOP_ANALYSIS = YES;
				CLANG_WARN_STRICT_PROTOTYPES = YES;
				CLANG_WARN_SUSPICIOUS_MOVE = YES;
				CLANG_WARN_UNGUARDED_AVAILABILITY = YES_AGGRESSIVE;
				CLANG_WARN_UNREACHABLE_CODE = YES;
				CLANG_WARN__DUPLICATE_METHOD_MATCH = YES;
				CODE_SIGN_IDENTITY = "iPhone Developer";
				COPY_PHASE_STRIP = NO;
				DEBUG_INFORMATION_FORMAT = "dwarf-with-dsym";
				ENABLE_NS_ASSERTIONS = NO;
				ENABLE_STRICT_OBJC_MSGSEND = YES;
				GCC_C_LANGUAGE_STANDARD = gnu11;
				GCC_NO_COMMON_BLOCKS = YES;
				GCC_WARN_64_TO_32_BIT_CONVERSION = YES;
				GCC_WARN_ABOUT_RETURN_TYPE = YES_ERROR;
				GCC_WARN_UNDECLARED_SELECTOR = YES;
				GCC_WARN_UNINITIALIZED_AUTOS = YES_AGGRESSIVE;
				GCC_WARN_UNUSED_FUNCTION = YES;
				GCC_WARN_UNUSED_VARIABLE = YES;
				IPHONEOS_DEPLOYMENT_TARGET = 12.4;
				MTL_ENABLE_DEBUG_INFO = NO;
				MTL_FAST_MATH = YES;
				SDKROOT = iphoneos;
				VALIDATE_PRODUCT = YES;
			};
			name = Release;
		};
		3D7A2DC723780566000043E1 /* Debug */ = {
			isa = XCBuildConfiguration;
			baseConfigurationReference = DA7976AC0D751C1C94AB8CD4 /* Pods-LocationsAndMaps.debug.xcconfig */;
			buildSettings = {
				ASSETCATALOG_COMPILER_APPICON_NAME = AppIcon;
				CODE_SIGN_STYLE = Automatic;
				DEVELOPMENT_TEAM = UCYYKH3FVX;
				INFOPLIST_FILE = LocationsAndMaps/Info.plist;
				LD_RUNPATH_SEARCH_PATHS = (
					"$(inherited)",
					"@executable_path/Frameworks",
				);
				PRODUCT_BUNDLE_IDENTIFIER = com.zmjy.itsme.LocationsAndMaps;
				PRODUCT_NAME = "$(TARGET_NAME)";
				TARGETED_DEVICE_FAMILY = "1,2";
			};
			name = Debug;
		};
		3D7A2DC823780566000043E1 /* Release */ = {
			isa = XCBuildConfiguration;
			baseConfigurationReference = 5D5C41A07CB17EC668D1044E /* Pods-LocationsAndMaps.release.xcconfig */;
			buildSettings = {
				ASSETCATALOG_COMPILER_APPICON_NAME = AppIcon;
				CODE_SIGN_STYLE = Automatic;
				DEVELOPMENT_TEAM = UCYYKH3FVX;
				INFOPLIST_FILE = LocationsAndMaps/Info.plist;
				LD_RUNPATH_SEARCH_PATHS = (
					"$(inherited)",
					"@executable_path/Frameworks",
				);
				PRODUCT_BUNDLE_IDENTIFIER = com.zmjy.itsme.LocationsAndMaps;
				PRODUCT_NAME = "$(TARGET_NAME)";
				TARGETED_DEVICE_FAMILY = "1,2";
			};
			name = Release;
		};
/* End XCBuildConfiguration section */

/* Begin XCConfigurationList section */
		3D7A2DAB23780563000043E1 /* Build configuration list for PBXProject "LocationsAndMaps" */ = {
			isa = XCConfigurationList;
			buildConfigurations = (
				3D7A2DC423780566000043E1 /* Debug */,
				3D7A2DC523780566000043E1 /* Release */,
			);
			defaultConfigurationIsVisible = 0;
			defaultConfigurationName = Release;
		};
		3D7A2DC623780566000043E1 /* Build configuration list for PBXNativeTarget "LocationsAndMaps" */ = {
			isa = XCConfigurationList;
			buildConfigurations = (
				3D7A2DC723780566000043E1 /* Debug */,
				3D7A2DC823780566000043E1 /* Release */,
			);
			defaultConfigurationIsVisible = 0;
			defaultConfigurationName = Release;
		};
/* End XCConfigurationList section */
	};
	rootObject = 3D7A2DA823780563000043E1 /* Project object */;
}
